// !$*UTF8*$!
{
	archiveVersion = 1;
	classes = {
	};
	objectVersion = 56;
	objects = {

/* Begin PBXBuildFile section */
		4AE4D1052CA40789004BFDFB /* IPhone_15App.swift in Sources */ = {isa = PBXBuildFile; fileRef = 4AE4D1042CA40789004BFDFB /* IPhone_15App.swift */; };
		4AE4D1072CA40789004BFDFB /* ContentView.swift in Sources */ = {isa = PBXBuildFile; fileRef = 4AE4D1062CA40789004BFDFB /* ContentView.swift */; };
		4AE4D1092CA4078A004BFDFB /* Assets.xcassets in Resources */ = {isa = PBXBuildFile; fileRef = 4AE4D1082CA4078A004BFDFB /* Assets.xcassets */; };
		4AE4D10C2CA4078A004BFDFB /* Preview Assets.xcassets in Resources */ = {isa = PBXBuildFile; fileRef = 4AE4D10B2CA4078A004BFDFB /* Preview Assets.xcassets */; };
		4AE4D1162CA4078A004BFDFB /* IPhone_15Tests.swift in Sources */ = {isa = PBXBuildFile; fileRef = 4AE4D1152CA4078A004BFDFB /* IPhone_15Tests.swift */; };
		4AE4D1202CA4078A004BFDFB /* IPhone_15UITests.swift in Sources */ = {isa = PBXBuildFile; fileRef = 4AE4D11F2CA4078A004BFDFB /* IPhone_15UITests.swift */; };
		4AE4D1222CA4078A004BFDFB /* IPhone_15UITestsLaunchTests.swift in Sources */ = {isa = PBXBuildFile; fileRef = 4AE4D1212CA4078A004BFDFB /* IPhone_15UITestsLaunchTests.swift */; };
/* End PBXBuildFile section */

/* Begin PBXContainerItemProxy section */
		4AE4D1122CA4078A004BFDFB /* PBXContainerItemProxy */ = {
			isa = PBXContainerItemProxy;
			containerPortal = 4AE4D0F92CA40789004BFDFB /* Project object */;
			proxyType = 1;
			remoteGlobalIDString = 4AE4D1002CA40789004BFDFB;
			remoteInfo = "IPhone 15";
		};
		4AE4D11C2CA4078A004BFDFB /* PBXContainerItemProxy */ = {
			isa = PBXContainerItemProxy;
			containerPortal = 4AE4D0F92CA40789004BFDFB /* Project object */;
			proxyType = 1;
			remoteGlobalIDString = 4AE4D1002CA40789004BFDFB;
			remoteInfo = "IPhone 15";
		};
/* End PBXContainerItemProxy section */

/* Begin PBXFileReference section */
		4AE4D1012CA40789004BFDFB /* IPhone 15.app */ = {isa = PBXFileReference; explicitFileType = wrapper.application; includeInIndex = 0; path = "IPhone 15.app"; sourceTree = BUILT_PRODUCTS_DIR; };
		4AE4D1042CA40789004BFDFB /* IPhone_15App.swift */ = {isa = PBXFileReference; lastKnownFileType = sourcecode.swift; path = IPhone_15App.swift; sourceTree = "<group>"; };
		4AE4D1062CA40789004BFDFB /* ContentView.swift */ = {isa = PBXFileReference; lastKnownFileType = sourcecode.swift; path = ContentView.swift; sourceTree = "<group>"; };
		4AE4D1082CA4078A004BFDFB /* Assets.xcassets */ = {isa = PBXFileReference; lastKnownFileType = folder.assetcatalog; path = Assets.xcassets; sourceTree = "<group>"; };
		4AE4D10B2CA4078A004BFDFB /* Preview Assets.xcassets */ = {isa = PBXFileReference; lastKnownFileType = folder.assetcatalog; path = "Preview Assets.xcassets"; sourceTree = "<group>"; };
		4AE4D1112CA4078A004BFDFB /* IPhone 15Tests.xctest */ = {isa = PBXFileReference; explicitFileType = wrapper.cfbundle; includeInIndex = 0; path = "IPhone 15Tests.xctest"; sourceTree = BUILT_PRODUCTS_DIR; };
		4AE4D1152CA4078A004BFDFB /* IPhone_15Tests.swift */ = {isa = PBXFileReference; lastKnownFileType = sourcecode.swift; path = IPhone_15Tests.swift; sourceTree = "<group>"; };
		4AE4D11B2CA4078A004BFDFB /* IPhone 15UITests.xctest */ = {isa = PBXFileReference; explicitFileType = wrapper.cfbundle; includeInIndex = 0; path = "IPhone 15UITests.xctest"; sourceTree = BUILT_PRODUCTS_DIR; };
		4AE4D11F2CA4078A004BFDFB /* IPhone_15UITests.swift */ = {isa = PBXFileReference; lastKnownFileType = sourcecode.swift; path = IPhone_15UITests.swift; sourceTree = "<group>"; };
		4AE4D1212CA4078A004BFDFB /* IPhone_15UITestsLaunchTests.swift */ = {isa = PBXFileReference; lastKnownFileType = sourcecode.swift; path = IPhone_15UITestsLaunchTests.swift; sourceTree = "<group>"; };
/* End PBXFileReference section */

/* Begin PBXFrameworksBuildPhase section */
		4AE4D0FE2CA40789004BFDFB /* Frameworks */ = {
			isa = PBXFrameworksBuildPhase;
			buildActionMask = 2147483647;
			files = (
			);
			runOnlyForDeploymentPostprocessing = 0;
		};
		4AE4D10E2CA4078A004BFDFB /* Frameworks */ = {
			isa = PBXFrameworksBuildPhase;
			buildActionMask = 2147483647;
			files = (
			);
			runOnlyForDeploymentPostprocessing = 0;
		};
		4AE4D1182CA4078A004BFDFB /* Frameworks */ = {
			isa = PBXFrameworksBuildPhase;
			buildActionMask = 2147483647;
			files = (
			);
			runOnlyForDeploymentPostprocessing = 0;
		};
/* End PBXFrameworksBuildPhase section */

/* Begin PBXGroup section */
		4AE4D0F82CA40789004BFDFB = {
			isa = PBXGroup;
			children = (
				4AE4D1032CA40789004BFDFB /* IPhone 15 */,
				4AE4D1142CA4078A004BFDFB /* IPhone 15Tests */,
				4AE4D11E2CA4078A004BFDFB /* IPhone 15UITests */,
				4AE4D1022CA40789004BFDFB /* Products */,
			);
			sourceTree = "<group>";
		};
		4AE4D1022CA40789004BFDFB /* Products */ = {
			isa = PBXGroup;
			children = (
				4AE4D1012CA40789004BFDFB /* IPhone 15.app */,
				4AE4D1112CA4078A004BFDFB /* IPhone 15Tests.xctest */,
				4AE4D11B2CA4078A004BFDFB /* IPhone 15UITests.xctest */,
			);
			name = Products;
			sourceTree = "<group>";
		};
		4AE4D1032CA40789004BFDFB /* IPhone 15 */ = {
			isa = PBXGroup;
			children = (
				4AE4D1042CA40789004BFDFB /* IPhone_15App.swift */,
				4AE4D1062CA40789004BFDFB /* ContentView.swift */,
				4AE4D12E2CA537E9004BFDFB /* New Group */,
				4AE4D1082CA4078A004BFDFB /* Assets.xcassets */,
				4AE4D10A2CA4078A004BFDFB /* Preview Content */,
			);
			path = "IPhone 15";
			sourceTree = "<group>";
		};
		4AE4D10A2CA4078A004BFDFB /* Preview Content */ = {
			isa = PBXGroup;
			children = (
				4AE4D10B2CA4078A004BFDFB /* Preview Assets.xcassets */,
			);
			path = "Preview Content";
			sourceTree = "<group>";
		};
		4AE4D1142CA4078A004BFDFB /* IPhone 15Tests */ = {
			isa = PBXGroup;
			children = (
				4AE4D1152CA4078A004BFDFB /* IPhone_15Tests.swift */,
			);
			path = "IPhone 15Tests";
			sourceTree = "<group>";
		};
		4AE4D11E2CA4078A004BFDFB /* IPhone 15UITests */ = {
			isa = PBXGroup;
			children = (
				4AE4D11F2CA4078A004BFDFB /* IPhone_15UITests.swift */,
				4AE4D1212CA4078A004BFDFB /* IPhone_15UITestsLaunchTests.swift */,
			);
			path = "IPhone 15UITests";
			sourceTree = "<group>";
		};
		4AE4D12E2CA537E9004BFDFB /* New Group */ = {
			isa = PBXGroup;
			children = (
			);
			path = "New Group";
			sourceTree = "<group>";
		};
/* End PBXGroup section */

/* Begin PBXNativeTarget section */
		4AE4D1002CA40789004BFDFB /* IPhone 15 */ = {
			isa = PBXNativeTarget;
			buildConfigurationList = 4AE4D1252CA4078A004BFDFB /* Build configuration list for PBXNativeTarget "IPhone 15" */;
			buildPhases = (
				4AE4D0FD2CA40789004BFDFB /* Sources */,
				4AE4D0FE2CA40789004BFDFB /* Frameworks */,
				4AE4D0FF2CA40789004BFDFB /* Resources */,
			);
			buildRules = (
			);
			dependencies = (
			);
			name = "IPhone 15";
			productName = "IPhone 15";
			productReference = 4AE4D1012CA40789004BFDFB /* IPhone 15.app */;
			productType = "com.apple.product-type.application";
		};
		4AE4D1102CA4078A004BFDFB /* IPhone 15Tests */ = {
			isa = PBXNativeTarget;
			buildConfigurationList = 4AE4D1282CA4078A004BFDFB /* Build configuration list for PBXNativeTarget "IPhone 15Tests" */;
			buildPhases = (
				4AE4D10D2CA4078A004BFDFB /* Sources */,
				4AE4D10E2CA4078A004BFDFB /* Frameworks */,
				4AE4D10F2CA4078A004BFDFB /* Resources */,
			);
			buildRules = (
			);
			dependencies = (
				4AE4D1132CA4078A004BFDFB /* PBXTargetDependency */,
			);
			name = "IPhone 15Tests";
			productName = "IPhone 15Tests";
			productReference = 4AE4D1112CA4078A004BFDFB /* IPhone 15Tests.xctest */;
			productType = "com.apple.product-type.bundle.unit-test";
		};
		4AE4D11A2CA4078A004BFDFB /* IPhone 15UITests */ = {
			isa = PBXNativeTarget;
			buildConfigurationList = 4AE4D12B2CA4078A004BFDFB /* Build configuration list for PBXNativeTarget "IPhone 15UITests" */;
			buildPhases = (
				4AE4D1172CA4078A004BFDFB /* Sources */,
				4AE4D1182CA4078A004BFDFB /* Frameworks */,
				4AE4D1192CA4078A004BFDFB /* Resources */,
			);
			buildRules = (
			);
			dependencies = (
				4AE4D11D2CA4078A004BFDFB /* PBXTargetDependency */,
			);
			name = "IPhone 15UITests";
			productName = "IPhone 15UITests";
			productReference = 4AE4D11B2CA4078A004BFDFB /* IPhone 15UITests.xctest */;
			productType = "com.apple.product-type.bundle.ui-testing";
		};
/* End PBXNativeTarget section */

/* Begin PBXProject section */
		4AE4D0F92CA40789004BFDFB /* Project object */ = {
			isa = PBXProject;
			attributes = {
				BuildIndependentTargetsInParallel = 1;
				LastSwiftUpdateCheck = 1540;
				LastUpgradeCheck = 1540;
				TargetAttributes = {
					4AE4D1002CA40789004BFDFB = {
						CreatedOnToolsVersion = 15.4;
					};
					4AE4D1102CA4078A004BFDFB = {
						CreatedOnToolsVersion = 15.4;
						TestTargetID = 4AE4D1002CA40789004BFDFB;
					};
					4AE4D11A2CA4078A004BFDFB = {
						CreatedOnToolsVersion = 15.4;
						TestTargetID = 4AE4D1002CA40789004BFDFB;
					};
				};
			};
			buildConfigurationList = 4AE4D0FC2CA40789004BFDFB /* Build configuration list for PBXProject "IPhone 15" */;
			compatibilityVersion = "Xcode 14.0";
			developmentRegion = en;
			hasScannedForEncodings = 0;
			knownRegions = (
				en,
				Base,
			);
			mainGroup = 4AE4D0F82CA40789004BFDFB;
			productRefGroup = 4AE4D1022CA40789004BFDFB /* Products */;
			projectDirPath = "";
			projectRoot = "";
			targets = (
				4AE4D1002CA40789004BFDFB /* IPhone 15 */,
				4AE4D1102CA4078A004BFDFB /* IPhone 15Tests */,
				4AE4D11A2CA4078A004BFDFB /* IPhone 15UITests */,
			);
		};
/* End PBXProject section */

/* Begin PBXResourcesBuildPhase section */
		4AE4D0FF2CA40789004BFDFB /* Resources */ = {
			isa = PBXResourcesBuildPhase;
			buildActionMask = 2147483647;
			files = (
				4AE4D10C2CA4078A004BFDFB /* Preview Assets.xcassets in Resources */,
				4AE4D1092CA4078A004BFDFB /* Assets.xcassets in Resources */,
			);
			runOnlyForDeploymentPostprocessing = 0;
		};
		4AE4D10F2CA4078A004BFDFB /* Resources */ = {
			isa = PBXResourcesBuildPhase;
			buildActionMask = 2147483647;
			files = (
			);
			runOnlyForDeploymentPostprocessing = 0;
		};
		4AE4D1192CA4078A004BFDFB /* Resources */ = {
			isa = PBXResourcesBuildPhase;
			buildActionMask = 2147483647;
			files = (
			);
			runOnlyForDeploymentPostprocessing = 0;
		};
/* End PBXResourcesBuildPhase section */

/* Begin PBXSourcesBuildPhase section */
		4AE4D0FD2CA40789004BFDFB /* Sources */ = {
			isa = PBXSourcesBuildPhase;
			buildActionMask = 2147483647;
			files = (
				4AE4D1072CA40789004BFDFB /* ContentView.swift in Sources */,
				4AE4D1052CA40789004BFDFB /* IPhone_15App.swift in Sources */,
			);
			runOnlyForDeploymentPostprocessing = 0;
		};
		4AE4D10D2CA4078A004BFDFB /* Sources */ = {
			isa = PBXSourcesBuildPhase;
			buildActionMask = 2147483647;
			files = (
				4AE4D1162CA4078A004BFDFB /* IPhone_15Tests.swift in Sources */,
			);
			runOnlyForDeploymentPostprocessing = 0;
		};
		4AE4D1172CA4078A004BFDFB /* Sources */ = {
			isa = PBXSourcesBuildPhase;
			buildActionMask = 2147483647;
			files = (
				4AE4D1202CA4078A004BFDFB /* IPhone_15UITests.swift in Sources */,
				4AE4D1222CA4078A004BFDFB /* IPhone_15UITestsLaunchTests.swift in Sources */,
			);
			runOnlyForDeploymentPostprocessing = 0;
		};
/* End PBXSourcesBuildPhase section */

/* Begin PBXTargetDependency section */
		4AE4D1132CA4078A004BFDFB /* PBXTargetDependency */ = {
			isa = PBXTargetDependency;
			target = 4AE4D1002CA40789004BFDFB /* IPhone 15 */;
			targetProxy = 4AE4D1122CA4078A004BFDFB /* PBXContainerItemProxy */;
		};
		4AE4D11D2CA4078A004BFDFB /* PBXTargetDependency */ = {
			isa = PBXTargetDependency;
			target = 4AE4D1002CA40789004BFDFB /* IPhone 15 */;
			targetProxy = 4AE4D11C2CA4078A004BFDFB /* PBXContainerItemProxy */;
		};
/* End PBXTargetDependency section */

/* Begin XCBuildConfiguration section */
		4AE4D1232CA4078A004BFDFB /* Debug */ = {
			isa = XCBuildConfiguration;
			buildSettings = {
				ALWAYS_SEARCH_USER_PATHS = NO;
				ASSETCATALOG_COMPILER_GENERATE_SWIFT_ASSET_SYMBOL_EXTENSIONS = YES;
				CLANG_ANALYZER_NONNULL = YES;
				CLANG_ANALYZER_NUMBER_OBJECT_CONVERSION = YES_AGGRESSIVE;
				CLANG_CXX_LANGUAGE_STANDARD = "gnu++20";
				CLANG_ENABLE_MODULES = YES;
				CLANG_ENABLE_OBJC_ARC = YES;
				CLANG_ENABLE_OBJC_WEAK = YES;
				CLANG_WARN_BLOCK_CAPTURE_AUTORELEASING = YES;
				CLANG_WARN_BOOL_CONVERSION = YES;
				CLANG_WARN_COMMA = YES;
				CLANG_WARN_CONSTANT_CONVERSION = YES;
				CLANG_WARN_DEPRECATED_OBJC_IMPLEMENTATIONS = YES;
				CLANG_WARN_DIRECT_OBJC_ISA_USAGE = YES_ERROR;
				CLANG_WARN_DOCUMENTATION_COMMENTS = YES;
				CLANG_WARN_EMPTY_BODY = YES;
				CLANG_WARN_ENUM_CONVERSION = YES;
				CLANG_WARN_INFINITE_RECURSION = YES;
				CLANG_WARN_INT_CONVERSION = YES;
				CLANG_WARN_NON_LITERAL_NULL_CONVERSION = YES;
				CLANG_WARN_OBJC_IMPLICIT_RETAIN_SELF = YES;
				CLANG_WARN_OBJC_LITERAL_CONVERSION = YES;
				CLANG_WARN_OBJC_ROOT_CLASS = YES_ERROR;
				CLANG_WARN_QUOTED_INCLUDE_IN_FRAMEWORK_HEADER = YES;
				CLANG_WARN_RANGE_LOOP_ANALYSIS = YES;
				CLANG_WARN_STRICT_PROTOTYPES = YES;
				CLANG_WARN_SUSPICIOUS_MOVE = YES;
				CLANG_WARN_UNGUARDED_AVAILABILITY = YES_AGGRESSIVE;
				CLANG_WARN_UNREACHABLE_CODE = YES;
				CLANG_WARN__DUPLICATE_METHOD_MATCH = YES;
				COPY_PHASE_STRIP = NO;
				DEBUG_INFORMATION_FORMAT = dwarf;
				ENABLE_STRICT_OBJC_MSGSEND = YES;
				ENABLE_TESTABILITY = YES;
				ENABLE_USER_SCRIPT_SANDBOXING = YES;
				GCC_C_LANGUAGE_STANDARD = gnu17;
				GCC_DYNAMIC_NO_PIC = NO;
				GCC_NO_COMMON_BLOCKS = YES;
				GCC_OPTIMIZATION_LEVEL = 0;
				GCC_PREPROCESSOR_DEFINITIONS = (
					"DEBUG=1",
					"$(inherited)",
				);
				GCC_WARN_64_TO_32_BIT_CONVERSION = YES;
				GCC_WARN_ABOUT_RETURN_TYPE = YES_ERROR;
				GCC_WARN_UNDECLARED_SELECTOR = YES;
				GCC_WARN_UNINITIALIZED_AUTOS = YES_AGGRESSIVE;
				GCC_WARN_UNUSED_FUNCTION = YES;
				GCC_WARN_UNUSED_VARIABLE = YES;
				IPHONEOS_DEPLOYMENT_TARGET = 17.5;
				LOCALIZATION_PREFERS_STRING_CATALOGS = YES;
				MTL_ENABLE_DEBUG_INFO = INCLUDE_SOURCE;
				MTL_FAST_MATH = YES;
				ONLY_ACTIVE_ARCH = YES;
				SDKROOT = iphoneos;
				SWIFT_ACTIVE_COMPILATION_CONDITIONS = "DEBUG $(inherited)";
				SWIFT_OPTIMIZATION_LEVEL = "-Onone";
			};
			name = Debug;
		};
		4AE4D1242CA4078A004BFDFB /* Release */ = {
			isa = XCBuildConfiguration;
			buildSettings = {
				ALWAYS_SEARCH_USER_PATHS = NO;
				ASSETCATALOG_COMPILER_GENERATE_SWIFT_ASSET_SYMBOL_EXTENSIONS = YES;
				CLANG_ANALYZER_NONNULL = YES;
				CLANG_ANALYZER_NUMBER_OBJECT_CONVERSION = YES_AGGRESSIVE;
				CLANG_CXX_LANGUAGE_STANDARD = "gnu++20";
				CLANG_ENABLE_MODULES = YES;
				CLANG_ENABLE_OBJC_ARC = YES;
				CLANG_ENABLE_OBJC_WEAK = YES;
				CLANG_WARN_BLOCK_CAPTURE_AUTORELEASING = YES;
				CLANG_WARN_BOOL_CONVERSION = YES;
				CLANG_WARN_COMMA = YES;
				CLANG_WARN_CONSTANT_CONVERSION = YES;
				CLANG_WARN_DEPRECATED_OBJC_IMPLEMENTATIONS = YES;
				CLANG_WARN_DIRECT_OBJC_ISA_USAGE = YES_ERROR;
				CLANG_WARN_DOCUMENTATION_COMMENTS = YES;
				CLANG_WARN_EMPTY_BODY = YES;
				CLANG_WARN_ENUM_CONVERSION = YES;
				CLANG_WARN_INFINITE_RECURSION = YES;
				CLANG_WARN_INT_CONVERSION = YES;
				CLANG_WARN_NON_LITERAL_NULL_CONVERSION = YES;
				CLANG_WARN_OBJC_IMPLICIT_RETAIN_SELF = YES;
				CLANG_WARN_OBJC_LITERAL_CONVERSION = YES;
				CLANG_WARN_OBJC_ROOT_CLASS = YES_ERROR;
				CLANG_WARN_QUOTED_INCLUDE_IN_FRAMEWORK_HEADER = YES;
				CLANG_WARN_RANGE_LOOP_ANALYSIS = YES;
				CLANG_WARN_STRICT_PROTOTYPES = YES;
				CLANG_WARN_SUSPICIOUS_MOVE = YES;
				CLANG_WARN_UNGUARDED_AVAILABILITY = YES_AGGRESSIVE;
				CLANG_WARN_UNREACHABLE_CODE = YES;
				CLANG_WARN__DUPLICATE_METHOD_MATCH = YES;
				COPY_PHASE_STRIP = NO;
				DEBUG_INFORMATION_FORMAT = "dwarf-with-dsym";
				ENABLE_NS_ASSERTIONS = NO;
				ENABLE_STRICT_OBJC_MSGSEND = YES;
				ENABLE_USER_SCRIPT_SANDBOXING = YES;
				GCC_C_LANGUAGE_STANDARD = gnu17;
				GCC_NO_COMMON_BLOCKS = YES;
				GCC_WARN_64_TO_32_BIT_CONVERSION = YES;
				GCC_WARN_ABOUT_RETURN_TYPE = YES_ERROR;
				GCC_WARN_UNDECLARED_SELECTOR = YES;
				GCC_WARN_UNINITIALIZED_AUTOS = YES_AGGRESSIVE;
				GCC_WARN_UNUSED_FUNCTION = YES;
				GCC_WARN_UNUSED_VARIABLE = YES;
				IPHONEOS_DEPLOYMENT_TARGET = 17.5;
				LOCALIZATION_PREFERS_STRING_CATALOGS = YES;
				MTL_ENABLE_DEBUG_INFO = NO;
				MTL_FAST_MATH = YES;
				SDKROOT = iphoneos;
				SWIFT_COMPILATION_MODE = wholemodule;
				VALIDATE_PRODUCT = YES;
			};
			name = Release;
		};
		4AE4D1262CA4078A004BFDFB /* Debug */ = {
			isa = XCBuildConfiguration;
			buildSettings = {
				ASSETCATALOG_COMPILER_APPICON_NAME = AppIcon;
				ASSETCATALOG_COMPILER_GLOBAL_ACCENT_COLOR_NAME = AccentColor;
				CODE_SIGN_STYLE = Automatic;
				CURRENT_PROJECT_VERSION = 1;
				DEVELOPMENT_ASSET_PATHS = "\"IPhone 15/Preview Content\"";
				ENABLE_PREVIEWS = YES;
				GENERATE_INFOPLIST_FILE = YES;
				INFOPLIST_KEY_UIApplicationSceneManifest_Generation = YES;
				INFOPLIST_KEY_UIApplicationSupportsIndirectInputEvents = YES;
				INFOPLIST_KEY_UILaunchScreen_Generation = YES;
				INFOPLIST_KEY_UISupportedInterfaceOrientations_iPad = "UIInterfaceOrientationPortrait UIInterfaceOrientationPortraitUpsideDown UIInterfaceOrientationLandscapeLeft UIInterfaceOrientationLandscapeRight";
				INFOPLIST_KEY_UISupportedInterfaceOrientations_iPhone = "UIInterfaceOrientationPortrait UIInterfaceOrientationLandscapeLeft UIInterfaceOrientationLandscapeRight";
				LD_RUNPATH_SEARCH_PATHS = (
					"$(inherited)",
					"@executable_path/Frameworks",
				);
				MARKETING_VERSION = 1.0;
				PRODUCT_BUNDLE_IDENTIFIER = "Apple.IPhone-15";
				PRODUCT_NAME = "$(TARGET_NAME)";
				SWIFT_EMIT_LOC_STRINGS = YES;
				SWIFT_VERSION = 5.0;
				TARGETED_DEVICE_FAMILY = "1,2";
			};
			name = Debug;
		};
		4AE4D1272CA4078A004BFDFB /* Release */ = {
			isa = XCBuildConfiguration;
			buildSettings = {
				ASSETCATALOG_COMPILER_APPICON_NAME = AppIcon;
				ASSETCATALOG_COMPILER_GLOBAL_ACCENT_COLOR_NAME = AccentColor;
				CODE_SIGN_STYLE = Automatic;
				CURRENT_PROJECT_VERSION = 1;
				DEVELOPMENT_ASSET_PATHS = "\"IPhone 15/Preview Content\"";
				ENABLE_PREVIEWS = YES;
				GENERATE_INFOPLIST_FILE = YES;
				INFOPLIST_KEY_UIApplicationSceneManifest_Generation = YES;
				INFOPLIST_KEY_UIApplicationSupportsIndirectInputEvents = YES;
				INFOPLIST_KEY_UILaunchScreen_Generation = YES;
				INFOPLIST_KEY_UISupportedInterfaceOrientations_iPad = "UIInterfaceOrientationPortrait UIInterfaceOrientationPortraitUpsideDown UIInterfaceOrientationLandscapeLeft UIInterfaceOrientationLandscapeRight";
				INFOPLIST_KEY_UISupportedInterfaceOrientations_iPhone = "UIInterfaceOrientationPortrait UIInterfaceOrientationLandscapeLeft UIInterfaceOrientationLandscapeRight";
				LD_RUNPATH_SEARCH_PATHS = (
					"$(inherited)",
					"@executable_path/Frameworks",
				);
				MARKETING_VERSION = 1.0;
				PRODUCT_BUNDLE_IDENTIFIER = "Apple.IPhone-15";
				PRODUCT_NAME = "$(TARGET_NAME)";
				SWIFT_EMIT_LOC_STRINGS = YES;
				SWIFT_VERSION = 5.0;
				TARGETED_DEVICE_FAMILY = "1,2";
			};
			name = Release;
		};
		4AE4D1292CA4078A004BFDFB /* Debug */ = {
			isa = XCBuildConfiguration;
			buildSettings = {
				ALWAYS_EMBED_SWIFT_STANDARD_LIBRARIES = YES;
				BUNDLE_LOADER = "$(TEST_HOST)";
				CODE_SIGN_STYLE = Automatic;
				CURRENT_PROJECT_VERSION = 1;
				GENERATE_INFOPLIST_FILE = YES;
				IPHONEOS_DEPLOYMENT_TARGET = 17.5;
				MARKETING_VERSION = 1.0;
				PRODUCT_BUNDLE_IDENTIFIER = "Apple.IPhone-15Tests";
				PRODUCT_NAME = "$(TARGET_NAME)";
				SWIFT_EMIT_LOC_STRINGS = NO;
				SWIFT_VERSION = 5.0;
				TARGETED_DEVICE_FAMILY = "1,2";
				TEST_HOST = "$(BUILT_PRODUCTS_DIR)/IPhone 15.app/$(BUNDLE_EXECUTABLE_FOLDER_PATH)/IPhone 15";
			};
			name = Debug;
		};
		4AE4D12A2CA4078A004BFDFB /* Release */ = {
			isa = XCBuildConfiguration;
			buildSettings = {
				ALWAYS_EMBED_SWIFT_STANDARD_LIBRARIES = YES;
				BUNDLE_LOADER = "$(TEST_HOST)";
				CODE_SIGN_STYLE = Automatic;
				CURRENT_PROJECT_VERSION = 1;
				GENERATE_INFOPLIST_FILE = YES;
				IPHONEOS_DEPLOYMENT_TARGET = 17.5;
				MARKETING_VERSION = 1.0;
				PRODUCT_BUNDLE_IDENTIFIER = "Apple.IPhone-15Tests";
				PRODUCT_NAME = "$(TARGET_NAME)";
				SWIFT_EMIT_LOC_STRINGS = NO;
				SWIFT_VERSION = 5.0;
				TARGETED_DEVICE_FAMILY = "1,2";
				TEST_HOST = "$(BUILT_PRODUCTS_DIR)/IPhone 15.app/$(BUNDLE_EXECUTABLE_FOLDER_PATH)/IPhone 15";
			};
			name = Release;
		};
		4AE4D12C2CA4078A004BFDFB /* Debug */ = {
			isa = XCBuildConfiguration;
			buildSettings = {
				ALWAYS_EMBED_SWIFT_STANDARD_LIBRARIES = YES;
				CODE_SIGN_STYLE = Automatic;
				CURRENT_PROJECT_VERSION = 1;
				GENERATE_INFOPLIST_FILE = YES;
				MARKETING_VERSION = 1.0;
				PRODUCT_BUNDLE_IDENTIFIER = "Apple.IPhone-15UITests";
				PRODUCT_NAME = "$(TARGET_NAME)";
				SWIFT_EMIT_LOC_STRINGS = NO;
				SWIFT_VERSION = 5.0;
				TARGETED_DEVICE_FAMILY = "1,2";
				TEST_TARGET_NAME = "IPhone 15";
			};
			name = Debug;
		};
		4AE4D12D2CA4078A004BFDFB /* Release */ = {
			isa = XCBuildConfiguration;
			buildSettings = {
				ALWAYS_EMBED_SWIFT_STANDARD_LIBRARIES = YES;
				CODE_SIGN_STYLE = Automatic;
				CURRENT_PROJECT_VERSION = 1;
				GENERATE_INFOPLIST_FILE = YES;
				MARKETING_VERSION = 1.0;
				PRODUCT_BUNDLE_IDENTIFIER = "Apple.IPhone-15UITests";
				PRODUCT_NAME = "$(TARGET_NAME)";
				SWIFT_EMIT_LOC_STRINGS = NO;
				SWIFT_VERSION = 5.0;
				TARGETED_DEVICE_FAMILY = "1,2";
				TEST_TARGET_NAME = "IPhone 15";
			};
			name = Release;
		};
/* End XCBuildConfiguration section */

/* Begin XCConfigurationList section */
		4AE4D0FC2CA40789004BFDFB /* Build configuration list for PBXProject "IPhone 15" */ = {
			isa = XCConfigurationList;
			buildConfigurations = (
				4AE4D1232CA4078A004BFDFB /* Debug */,
				4AE4D1242CA4078A004BFDFB /* Release */,
			);
			defaultConfigurationIsVisible = 0;
			defaultConfigurationName = Release;
		};
		4AE4D1252CA4078A004BFDFB /* Build configuration list for PBXNativeTarget "IPhone 15" */ = {
			isa = XCConfigurationList;
			buildConfigurations = (
				4AE4D1262CA4078A004BFDFB /* Debug */,
				4AE4D1272CA4078A004BFDFB /* Release */,
			);
			defaultConfigurationIsVisible = 0;
			defaultConfigurationName = Release;
		};
		4AE4D1282CA4078A004BFDFB /* Build configuration list for PBXNativeTarget "IPhone 15Tests" */ = {
			isa = XCConfigurationList;
			buildConfigurations = (
				4AE4D1292CA4078A004BFDFB /* Debug */,
				4AE4D12A2CA4078A004BFDFB /* Release */,
			);
			defaultConfigurationIsVisible = 0;
			defaultConfigurationName = Release;
		};
		4AE4D12B2CA4078A004BFDFB /* Build configuration list for PBXNativeTarget "IPhone 15UITests" */ = {
			isa = XCConfigurationList;
			buildConfigurations = (
				4AE4D12C2CA4078A004BFDFB /* Debug */,
				4AE4D12D2CA4078A004BFDFB /* Release */,
			);
			defaultConfigurationIsVisible = 0;
			defaultConfigurationName = Release;
		};
/* End XCConfigurationList section */
	};
	rootObject = 4AE4D0F92CA40789004BFDFB /* Project object */;
}
